
Microsoft Visual Studio Solution File, Format Version 12.00
# Visual Studio Version 17
VisualStudioVersion = 17.1.32421.90
MinimumVisualStudioVersion = 10.0.40219.1
Project("{9A19103F-16F7-4668-BE54-9A1E7A4F7556}") = "istatplab2", "istatplab2\istatplab2.csproj", "{6516A9D4-F9D4-4FDD-900C-9960B7873B54}"
EndProject
Project("{E53339B2-1760-4266-BCC7-CA923CBCF16C}") = "docker-compose", "docker-compose.dcproj", "{9B2E4E9C-6A59-429E-95A1-799EA2CE5E53}"
EndProject
Project("{FAE04EC0-301F-11D3-BF4B-00C04F79EFBC}") = "istatplab2tests", "istatplab2tests\istatplab2tests.csproj", "{85C09D68-CEFE-41BD-A7BA-1E009FD9D807}"
EndProject
Global
	GlobalSection(SolutionConfigurationPlatforms) = preSolution
		Debug|Any CPU = Debug|Any CPU
		Release|Any CPU = Release|Any CPU
	EndGlobalSection
	GlobalSection(ProjectConfigurationPlatforms) = postSolution
		{6516A9D4-F9D4-4FDD-900C-9960B7873B54}.Debug|Any CPU.ActiveCfg = Debug|Any CPU
		{6516A9D4-F9D4-4FDD-900C-9960B7873B54}.Debug|Any CPU.Build.0 = Debug|Any CPU
		{6516A9D4-F9D4-4FDD-900C-9960B7873B54}.Release|Any CPU.ActiveCfg = Release|Any CPU
		{6516A9D4-F9D4-4FDD-900C-9960B7873B54}.Release|Any CPU.Build.0 = Release|Any CPU
		{9B2E4E9C-6A59-429E-95A1-799EA2CE5E53}.Debug|Any CPU.ActiveCfg = Debug|Any CPU
		{9B2E4E9C-6A59-429E-95A1-799EA2CE5E53}.Debug|Any CPU.Build.0 = Debug|Any CPU
		{9B2E4E9C-6A59-429E-95A1-799EA2CE5E53}.Release|Any CPU.ActiveCfg = Release|Any CPU
		{9B2E4E9C-6A59-429E-95A1-799EA2CE5E53}.Release|Any CPU.Build.0 = Release|Any CPU
		{85C09D68-CEFE-41BD-A7BA-1E009FD9D807}.Debug|Any CPU.ActiveCfg = Debug|Any CPU
		{85C09D68-CEFE-41BD-A7BA-1E009FD9D807}.Debug|Any CPU.Build.0 = Debug|Any CPU
		{85C09D68-CEFE-41BD-A7BA-1E009FD9D807}.Release|Any CPU.ActiveCfg = Release|Any CPU
		{85C09D68-CEFE-41BD-A7BA-1E009FD9D807}.Release|Any CPU.Build.0 = Release|Any CPU
	EndGlobalSection
	GlobalSection(SolutionProperties) = preSolution
		HideSolutionNode = FALSE
	EndGlobalSection
	GlobalSection(ExtensibilityGlobals) = postSolution
		SolutionGuid = {92A9DBBB-E558-476D-AC1B-97C9011D4246}
	EndGlobalSection
EndGlobal
